
Microsoft Visual Studio Solution File, Format Version 12.00
# Visual Studio Version 16
VisualStudioVersion = 16.0.30804.86
MinimumVisualStudioVersion = 10.0.40219.1
Project("{FAE04EC0-301F-11D3-BF4B-00C04F79EFBC}") = "Knjiznica", "Knjiznica.csproj", "{7F6615B6-7CFB-433D-9C31-F4997177348D}"
EndProject
Global
	GlobalSection(SolutionConfigurationPlatforms) = preSolution
		Debug|Any CPU = Debug|Any CPU
		Release|Any CPU = Release|Any CPU
	EndGlobalSection
	GlobalSection(ProjectConfigurationPlatforms) = postSolution
		{7F6615B6-7CFB-433D-9C31-F4997177348D}.Debug|Any CPU.ActiveCfg = Debug|Any CPU
		{7F6615B6-7CFB-433D-9C31-F4997177348D}.Debug|Any CPU.Build.0 = Debug|Any CPU
		{7F6615B6-7CFB-433D-9C31-F4997177348D}.Release|Any CPU.ActiveCfg = Release|Any CPU
		{7F6615B6-7CFB-433D-9C31-F4997177348D}.Release|Any CPU.Build.0 = Release|Any CPU
	EndGlobalSection
	GlobalSection(SolutionProperties) = preSolution
		HideSolutionNode = FALSE
	EndGlobalSection
	GlobalSection(ExtensibilityGlobals) = postSolution
		SolutionGuid = {FADD0E0A-EF75-4AC5-8995-DC0FFA080DB3}
	EndGlobalSection
EndGlobal
